// !$*UTF8*$!
{
	archiveVersion = 1;
	classes = {
	};
	objectVersion = 50;
	objects = {

/* Begin PBXBuildFile section */
		9B21C11420D8192200CB7CFA /* AudioController.swift in Sources */ = {isa = PBXBuildFile; fileRef = 9B21C11320D8192200CB7CFA /* AudioController.swift */; };
		9BD2B00520D3E5A400031CB6 /* AppDelegate.swift in Sources */ = {isa = PBXBuildFile; fileRef = 9BD2B00420D3E5A400031CB6 /* AppDelegate.swift */; };
		9BD2B00720D3E5A400031CB6 /* ViewController.swift in Sources */ = {isa = PBXBuildFile; fileRef = 9BD2B00620D3E5A400031CB6 /* ViewController.swift */; };
		9BD2B00A20D3E5A400031CB6 /* Main.storyboard in Resources */ = {isa = PBXBuildFile; fileRef = 9BD2B00820D3E5A400031CB6 /* Main.storyboard */; };
		9BD2B00C20D3E5A500031CB6 /* Assets.xcassets in Resources */ = {isa = PBXBuildFile; fileRef = 9BD2B00B20D3E5A500031CB6 /* Assets.xcassets */; };
		9BD2B00F20D3E5A500031CB6 /* LaunchScreen.storyboard in Resources */ = {isa = PBXBuildFile; fileRef = 9BD2B00D20D3E5A500031CB6 /* LaunchScreen.storyboard */; };
		9BD2B01420D3E5A500031CB6 /* Metronome WatchKit App.app in Embed Watch Content */ = {isa = PBXBuildFile; fileRef = 9BD2B01320D3E5A500031CB6 /* Metronome WatchKit App.app */; };
		9BD2B01A20D3E5A500031CB6 /* Interface.storyboard in Resources */ = {isa = PBXBuildFile; fileRef = 9BD2B01820D3E5A500031CB6 /* Interface.storyboard */; };
		9BD2B01C20D3E5A600031CB6 /* Assets.xcassets in Resources */ = {isa = PBXBuildFile; fileRef = 9BD2B01B20D3E5A600031CB6 /* Assets.xcassets */; };
		9BD2B02320D3E5A600031CB6 /* Metronome WatchKit Extension.appex in Embed App Extensions */ = {isa = PBXBuildFile; fileRef = 9BD2B02220D3E5A600031CB6 /* Metronome WatchKit Extension.appex */; settings = {ATTRIBUTES = (RemoveHeadersOnCopy, ); }; };
		9BD2B02820D3E5A600031CB6 /* InterfaceController.swift in Sources */ = {isa = PBXBuildFile; fileRef = 9BD2B02720D3E5A600031CB6 /* InterfaceController.swift */; };
		9BD2B02A20D3E5A600031CB6 /* ExtensionDelegate.swift in Sources */ = {isa = PBXBuildFile; fileRef = 9BD2B02920D3E5A600031CB6 /* ExtensionDelegate.swift */; };
		9BD2B02C20D3E5A600031CB6 /* NotificationController.swift in Sources */ = {isa = PBXBuildFile; fileRef = 9BD2B02B20D3E5A600031CB6 /* NotificationController.swift */; };
		9BD2B02E20D3E5A700031CB6 /* Assets.xcassets in Resources */ = {isa = PBXBuildFile; fileRef = 9BD2B02D20D3E5A700031CB6 /* Assets.xcassets */; };
		9BD2B03F20D3EDC800031CB6 /* SettingsInterfaceController.swift in Sources */ = {isa = PBXBuildFile; fileRef = 9BD2B03E20D3EDC800031CB6 /* SettingsInterfaceController.swift */; };
		9BD2B04120D40BE800031CB6 /* TestInterfaceController.swift in Sources */ = {isa = PBXBuildFile; fileRef = 9BD2B04020D40BE800031CB6 /* TestInterfaceController.swift */; };
		9BF7BAEC20D81CA900D894EB /* UserDefaultsManager.swift in Sources */ = {isa = PBXBuildFile; fileRef = 9BF7BAEB20D81CA900D894EB /* UserDefaultsManager.swift */; };
		9BF7BAEE20D81DE000D894EB /* metronome_click.mp3 in Resources */ = {isa = PBXBuildFile; fileRef = 9BF7BAED20D81DE000D894EB /* metronome_click.mp3 */; };
		9BF7BAEF20D834FF00D894EB /* metronome_click.mp3 in Resources */ = {isa = PBXBuildFile; fileRef = 9BF7BAED20D81DE000D894EB /* metronome_click.mp3 */; };
		9BF7BAF120D8393300D894EB /* AudioController.swift in Sources */ = {isa = PBXBuildFile; fileRef = 9BF7BAF020D8393300D894EB /* AudioController.swift */; };
/* End PBXBuildFile section */

/* Begin PBXContainerItemProxy section */
		9BD2B01520D3E5A500031CB6 /* PBXContainerItemProxy */ = {
			isa = PBXContainerItemProxy;
			containerPortal = 9BD2AFF920D3E5A400031CB6 /* Project object */;
			proxyType = 1;
			remoteGlobalIDString = 9BD2B01220D3E5A500031CB6;
			remoteInfo = "Metronome WatchKit App";
		};
		9BD2B02420D3E5A600031CB6 /* PBXContainerItemProxy */ = {
			isa = PBXContainerItemProxy;
			containerPortal = 9BD2AFF920D3E5A400031CB6 /* Project object */;
			proxyType = 1;
			remoteGlobalIDString = 9BD2B02120D3E5A600031CB6;
			remoteInfo = "Metronome WatchKit Extension";
		};
/* End PBXContainerItemProxy section */

/* Begin PBXCopyFilesBuildPhase section */
		9BD2B03620D3E5A700031CB6 /* Embed App Extensions */ = {
			isa = PBXCopyFilesBuildPhase;
			buildActionMask = 2147483647;
			dstPath = "";
			dstSubfolderSpec = 13;
			files = (
				9BD2B02320D3E5A600031CB6 /* Metronome WatchKit Extension.appex in Embed App Extensions */,
			);
			name = "Embed App Extensions";
			runOnlyForDeploymentPostprocessing = 0;
		};
		9BD2B03A20D3E5A700031CB6 /* Embed Watch Content */ = {
			isa = PBXCopyFilesBuildPhase;
			buildActionMask = 2147483647;
			dstPath = "$(CONTENTS_FOLDER_PATH)/Watch";
			dstSubfolderSpec = 16;
			files = (
				9BD2B01420D3E5A500031CB6 /* Metronome WatchKit App.app in Embed Watch Content */,
			);
			name = "Embed Watch Content";
			runOnlyForDeploymentPostprocessing = 0;
		};
/* End PBXCopyFilesBuildPhase section */

/* Begin PBXFileReference section */
		9B21C11320D8192200CB7CFA /* AudioController.swift */ = {isa = PBXFileReference; lastKnownFileType = sourcecode.swift; path = AudioController.swift; sourceTree = "<group>"; };
		9BD2B00120D3E5A400031CB6 /* Metronome.app */ = {isa = PBXFileReference; explicitFileType = wrapper.application; includeInIndex = 0; path = Metronome.app; sourceTree = BUILT_PRODUCTS_DIR; };
		9BD2B00420D3E5A400031CB6 /* AppDelegate.swift */ = {isa = PBXFileReference; lastKnownFileType = sourcecode.swift; path = AppDelegate.swift; sourceTree = "<group>"; };
		9BD2B00620D3E5A400031CB6 /* ViewController.swift */ = {isa = PBXFileReference; lastKnownFileType = sourcecode.swift; path = ViewController.swift; sourceTree = "<group>"; };
		9BD2B00920D3E5A400031CB6 /* Base */ = {isa = PBXFileReference; lastKnownFileType = file.storyboard; name = Base; path = Base.lproj/Main.storyboard; sourceTree = "<group>"; };
		9BD2B00B20D3E5A500031CB6 /* Assets.xcassets */ = {isa = PBXFileReference; lastKnownFileType = folder.assetcatalog; path = Assets.xcassets; sourceTree = "<group>"; };
		9BD2B00E20D3E5A500031CB6 /* Base */ = {isa = PBXFileReference; lastKnownFileType = file.storyboard; name = Base; path = Base.lproj/LaunchScreen.storyboard; sourceTree = "<group>"; };
		9BD2B01020D3E5A500031CB6 /* Info.plist */ = {isa = PBXFileReference; lastKnownFileType = text.plist.xml; path = Info.plist; sourceTree = "<group>"; };
		9BD2B01320D3E5A500031CB6 /* Metronome WatchKit App.app */ = {isa = PBXFileReference; explicitFileType = wrapper.application; includeInIndex = 0; path = "Metronome WatchKit App.app"; sourceTree = BUILT_PRODUCTS_DIR; };
		9BD2B01920D3E5A500031CB6 /* Base */ = {isa = PBXFileReference; lastKnownFileType = file.storyboard; name = Base; path = Base.lproj/Interface.storyboard; sourceTree = "<group>"; };
		9BD2B01B20D3E5A600031CB6 /* Assets.xcassets */ = {isa = PBXFileReference; lastKnownFileType = folder.assetcatalog; path = Assets.xcassets; sourceTree = "<group>"; };
		9BD2B01D20D3E5A600031CB6 /* Info.plist */ = {isa = PBXFileReference; lastKnownFileType = text.plist.xml; path = Info.plist; sourceTree = "<group>"; };
		9BD2B02220D3E5A600031CB6 /* Metronome WatchKit Extension.appex */ = {isa = PBXFileReference; explicitFileType = "wrapper.app-extension"; includeInIndex = 0; path = "Metronome WatchKit Extension.appex"; sourceTree = BUILT_PRODUCTS_DIR; };
		9BD2B02720D3E5A600031CB6 /* InterfaceController.swift */ = {isa = PBXFileReference; lastKnownFileType = sourcecode.swift; path = InterfaceController.swift; sourceTree = "<group>"; };
		9BD2B02920D3E5A600031CB6 /* ExtensionDelegate.swift */ = {isa = PBXFileReference; lastKnownFileType = sourcecode.swift; path = ExtensionDelegate.swift; sourceTree = "<group>"; };
		9BD2B02B20D3E5A600031CB6 /* NotificationController.swift */ = {isa = PBXFileReference; lastKnownFileType = sourcecode.swift; path = NotificationController.swift; sourceTree = "<group>"; };
		9BD2B02D20D3E5A700031CB6 /* Assets.xcassets */ = {isa = PBXFileReference; lastKnownFileType = folder.assetcatalog; path = Assets.xcassets; sourceTree = "<group>"; };
		9BD2B02F20D3E5A700031CB6 /* Info.plist */ = {isa = PBXFileReference; lastKnownFileType = text.plist.xml; path = Info.plist; sourceTree = "<group>"; };
		9BD2B03020D3E5A700031CB6 /* PushNotificationPayload.apns */ = {isa = PBXFileReference; lastKnownFileType = text; path = PushNotificationPayload.apns; sourceTree = "<group>"; };
		9BD2B03E20D3EDC800031CB6 /* SettingsInterfaceController.swift */ = {isa = PBXFileReference; lastKnownFileType = sourcecode.swift; path = SettingsInterfaceController.swift; sourceTree = "<group>"; };
		9BD2B04020D40BE800031CB6 /* TestInterfaceController.swift */ = {isa = PBXFileReference; lastKnownFileType = sourcecode.swift; path = TestInterfaceController.swift; sourceTree = "<group>"; };
		9BF7BAEB20D81CA900D894EB /* UserDefaultsManager.swift */ = {isa = PBXFileReference; lastKnownFileType = sourcecode.swift; path = UserDefaultsManager.swift; sourceTree = "<group>"; };
		9BF7BAED20D81DE000D894EB /* metronome_click.mp3 */ = {isa = PBXFileReference; lastKnownFileType = audio.mp3; path = metronome_click.mp3; sourceTree = "<group>"; };
		9BF7BAF020D8393300D894EB /* AudioController.swift */ = {isa = PBXFileReference; lastKnownFileType = sourcecode.swift; path = AudioController.swift; sourceTree = "<group>"; };
/* End PBXFileReference section */

/* Begin PBXFrameworksBuildPhase section */
		9BD2AFFE20D3E5A400031CB6 /* Frameworks */ = {
			isa = PBXFrameworksBuildPhase;
			buildActionMask = 2147483647;
			files = (
			);
			runOnlyForDeploymentPostprocessing = 0;
		};
		9BD2B01F20D3E5A600031CB6 /* Frameworks */ = {
			isa = PBXFrameworksBuildPhase;
			buildActionMask = 2147483647;
			files = (
			);
			runOnlyForDeploymentPostprocessing = 0;
		};
/* End PBXFrameworksBuildPhase section */

/* Begin PBXGroup section */
		9B21C11520D819FE00CB7CFA /* Interface Controller */ = {
			isa = PBXGroup;
			children = (
				9BD2B02720D3E5A600031CB6 /* InterfaceController.swift */,
				9BD2B03E20D3EDC800031CB6 /* SettingsInterfaceController.swift */,
			);
			path = "Interface Controller";
			sourceTree = "<group>";
		};
		9BD2AFF820D3E5A400031CB6 = {
			isa = PBXGroup;
			children = (
				9BD2B00320D3E5A400031CB6 /* Metronome */,
				9BD2B01720D3E5A500031CB6 /* Metronome WatchKit App */,
				9BD2B02620D3E5A600031CB6 /* Metronome WatchKit Extension */,
				9BD2B00220D3E5A400031CB6 /* Products */,
			);
			sourceTree = "<group>";
		};
		9BD2B00220D3E5A400031CB6 /* Products */ = {
			isa = PBXGroup;
			children = (
				9BD2B00120D3E5A400031CB6 /* Metronome.app */,
				9BD2B01320D3E5A500031CB6 /* Metronome WatchKit App.app */,
				9BD2B02220D3E5A600031CB6 /* Metronome WatchKit Extension.appex */,
			);
			name = Products;
			sourceTree = "<group>";
		};
		9BD2B00320D3E5A400031CB6 /* Metronome */ = {
			isa = PBXGroup;
			children = (
				9BD2B00420D3E5A400031CB6 /* AppDelegate.swift */,
				9BD2B00620D3E5A400031CB6 /* ViewController.swift */,
				9BD2B00820D3E5A400031CB6 /* Main.storyboard */,
				9BD2B00B20D3E5A500031CB6 /* Assets.xcassets */,
				9BD2B00D20D3E5A500031CB6 /* LaunchScreen.storyboard */,
				9BD2B01020D3E5A500031CB6 /* Info.plist */,
				9BF7BAF020D8393300D894EB /* AudioController.swift */,
			);
			path = Metronome;
			sourceTree = "<group>";
		};
		9BD2B01720D3E5A500031CB6 /* Metronome WatchKit App */ = {
			isa = PBXGroup;
			children = (
				9BD2B01820D3E5A500031CB6 /* Interface.storyboard */,
				9BD2B01B20D3E5A600031CB6 /* Assets.xcassets */,
				9BD2B01D20D3E5A600031CB6 /* Info.plist */,
			);
			path = "Metronome WatchKit App";
			sourceTree = "<group>";
		};
		9BD2B02620D3E5A600031CB6 /* Metronome WatchKit Extension */ = {
			isa = PBXGroup;
			children = (
				9B21C11520D819FE00CB7CFA /* Interface Controller */,
				9BF7BAE720D81A2100D894EB /* Notification */,
				9B21C11320D8192200CB7CFA /* AudioController.swift */,
				9BF7BAEB20D81CA900D894EB /* UserDefaultsManager.swift */,
				9BD2B02D20D3E5A700031CB6 /* Assets.xcassets */,
				9BF7BAE820D81B0200D894EB /* Audio */,
				9BD2B02F20D3E5A700031CB6 /* Info.plist */,
				9BD2B03020D3E5A700031CB6 /* PushNotificationPayload.apns */,
			);
			path = "Metronome WatchKit Extension";
			sourceTree = "<group>";
		};
		9BF7BAE720D81A2100D894EB /* Notification */ = {
			isa = PBXGroup;
			children = (
				9BD2B04020D40BE800031CB6 /* TestInterfaceController.swift */,
				9BD2B02920D3E5A600031CB6 /* ExtensionDelegate.swift */,
				9BD2B02B20D3E5A600031CB6 /* NotificationController.swift */,
			);
			path = Notification;
			sourceTree = "<group>";
		};
		9BF7BAE820D81B0200D894EB /* Audio */ = {
			isa = PBXGroup;
			children = (
				9BF7BAED20D81DE000D894EB /* metronome_click.mp3 */,
			);
			path = Audio;
			sourceTree = "<group>";
		};
/* End PBXGroup section */

/* Begin PBXNativeTarget section */
		9BD2B00020D3E5A400031CB6 /* Metronome */ = {
			isa = PBXNativeTarget;
			buildConfigurationList = 9BD2B03B20D3E5A700031CB6 /* Build configuration list for PBXNativeTarget "Metronome" */;
			buildPhases = (
				9BD2AFFD20D3E5A400031CB6 /* Sources */,
				9BD2AFFE20D3E5A400031CB6 /* Frameworks */,
				9BD2AFFF20D3E5A400031CB6 /* Resources */,
				9BD2B03A20D3E5A700031CB6 /* Embed Watch Content */,
			);
			buildRules = (
			);
			dependencies = (
				9BD2B01620D3E5A500031CB6 /* PBXTargetDependency */,
			);
			name = Metronome;
			productName = Metronome;
			productReference = 9BD2B00120D3E5A400031CB6 /* Metronome.app */;
			productType = "com.apple.product-type.application";
		};
		9BD2B01220D3E5A500031CB6 /* Metronome WatchKit App */ = {
			isa = PBXNativeTarget;
			buildConfigurationList = 9BD2B03720D3E5A700031CB6 /* Build configuration list for PBXNativeTarget "Metronome WatchKit App" */;
			buildPhases = (
				9BD2B01120D3E5A500031CB6 /* Resources */,
				9BD2B03620D3E5A700031CB6 /* Embed App Extensions */,
			);
			buildRules = (
			);
			dependencies = (
				9BD2B02520D3E5A600031CB6 /* PBXTargetDependency */,
			);
			name = "Metronome WatchKit App";
			productName = "Metronome WatchKit App";
			productReference = 9BD2B01320D3E5A500031CB6 /* Metronome WatchKit App.app */;
			productType = "com.apple.product-type.application.watchapp2";
		};
		9BD2B02120D3E5A600031CB6 /* Metronome WatchKit Extension */ = {
			isa = PBXNativeTarget;
			buildConfigurationList = 9BD2B03320D3E5A700031CB6 /* Build configuration list for PBXNativeTarget "Metronome WatchKit Extension" */;
			buildPhases = (
				9BD2B01E20D3E5A600031CB6 /* Sources */,
				9BD2B01F20D3E5A600031CB6 /* Frameworks */,
				9BD2B02020D3E5A600031CB6 /* Resources */,
			);
			buildRules = (
			);
			dependencies = (
			);
			name = "Metronome WatchKit Extension";
			productName = "Metronome WatchKit Extension";
			productReference = 9BD2B02220D3E5A600031CB6 /* Metronome WatchKit Extension.appex */;
			productType = "com.apple.product-type.watchkit2-extension";
		};
/* End PBXNativeTarget section */

/* Begin PBXProject section */
		9BD2AFF920D3E5A400031CB6 /* Project object */ = {
			isa = PBXProject;
			attributes = {
				LastSwiftUpdateCheck = 0930;
				LastUpgradeCheck = 0930;
				ORGANIZATIONNAME = "Giovani Nascimento Pereira";
				TargetAttributes = {
					9BD2B00020D3E5A400031CB6 = {
						CreatedOnToolsVersion = 9.3;
					};
					9BD2B01220D3E5A500031CB6 = {
						CreatedOnToolsVersion = 9.3;
					};
					9BD2B02120D3E5A600031CB6 = {
						CreatedOnToolsVersion = 9.3;
					};
				};
			};
			buildConfigurationList = 9BD2AFFC20D3E5A400031CB6 /* Build configuration list for PBXProject "Metronome" */;
			compatibilityVersion = "Xcode 9.3";
			developmentRegion = en;
			hasScannedForEncodings = 0;
			knownRegions = (
				en,
				Base,
			);
			mainGroup = 9BD2AFF820D3E5A400031CB6;
			productRefGroup = 9BD2B00220D3E5A400031CB6 /* Products */;
			projectDirPath = "";
			projectRoot = "";
			targets = (
				9BD2B00020D3E5A400031CB6 /* Metronome */,
				9BD2B01220D3E5A500031CB6 /* Metronome WatchKit App */,
				9BD2B02120D3E5A600031CB6 /* Metronome WatchKit Extension */,
			);
		};
/* End PBXProject section */

/* Begin PBXResourcesBuildPhase section */
		9BD2AFFF20D3E5A400031CB6 /* Resources */ = {
			isa = PBXResourcesBuildPhase;
			buildActionMask = 2147483647;
			files = (
				9BF7BAEF20D834FF00D894EB /* metronome_click.mp3 in Resources */,
				9BD2B00F20D3E5A500031CB6 /* LaunchScreen.storyboard in Resources */,
				9BD2B00C20D3E5A500031CB6 /* Assets.xcassets in Resources */,
				9BD2B00A20D3E5A400031CB6 /* Main.storyboard in Resources */,
			);
			runOnlyForDeploymentPostprocessing = 0;
		};
		9BD2B01120D3E5A500031CB6 /* Resources */ = {
			isa = PBXResourcesBuildPhase;
			buildActionMask = 2147483647;
			files = (
				9BD2B01C20D3E5A600031CB6 /* Assets.xcassets in Resources */,
				9BD2B01A20D3E5A500031CB6 /* Interface.storyboard in Resources */,
			);
			runOnlyForDeploymentPostprocessing = 0;
		};
		9BD2B02020D3E5A600031CB6 /* Resources */ = {
			isa = PBXResourcesBuildPhase;
			buildActionMask = 2147483647;
			files = (
				9BD2B02E20D3E5A700031CB6 /* Assets.xcassets in Resources */,
				9BF7BAEE20D81DE000D894EB /* metronome_click.mp3 in Resources */,
			);
			runOnlyForDeploymentPostprocessing = 0;
		};
/* End PBXResourcesBuildPhase section */

/* Begin PBXSourcesBuildPhase section */
		9BD2AFFD20D3E5A400031CB6 /* Sources */ = {
			isa = PBXSourcesBuildPhase;
			buildActionMask = 2147483647;
			files = (
				9BD2B00720D3E5A400031CB6 /* ViewController.swift in Sources */,
				9BF7BAF120D8393300D894EB /* AudioController.swift in Sources */,
				9BD2B00520D3E5A400031CB6 /* AppDelegate.swift in Sources */,
			);
			runOnlyForDeploymentPostprocessing = 0;
		};
		9BD2B01E20D3E5A600031CB6 /* Sources */ = {
			isa = PBXSourcesBuildPhase;
			buildActionMask = 2147483647;
			files = (
				9BD2B02C20D3E5A600031CB6 /* NotificationController.swift in Sources */,
				9BD2B02A20D3E5A600031CB6 /* ExtensionDelegate.swift in Sources */,
				9BD2B03F20D3EDC800031CB6 /* SettingsInterfaceController.swift in Sources */,
				9BF7BAEC20D81CA900D894EB /* UserDefaultsManager.swift in Sources */,
				9BD2B04120D40BE800031CB6 /* TestInterfaceController.swift in Sources */,
				9B21C11420D8192200CB7CFA /* AudioController.swift in Sources */,
				9BD2B02820D3E5A600031CB6 /* InterfaceController.swift in Sources */,
			);
			runOnlyForDeploymentPostprocessing = 0;
		};
/* End PBXSourcesBuildPhase section */

/* Begin PBXTargetDependency section */
		9BD2B01620D3E5A500031CB6 /* PBXTargetDependency */ = {
			isa = PBXTargetDependency;
			target = 9BD2B01220D3E5A500031CB6 /* Metronome WatchKit App */;
			targetProxy = 9BD2B01520D3E5A500031CB6 /* PBXContainerItemProxy */;
		};
		9BD2B02520D3E5A600031CB6 /* PBXTargetDependency */ = {
			isa = PBXTargetDependency;
			target = 9BD2B02120D3E5A600031CB6 /* Metronome WatchKit Extension */;
			targetProxy = 9BD2B02420D3E5A600031CB6 /* PBXContainerItemProxy */;
		};
/* End PBXTargetDependency section */

/* Begin PBXVariantGroup section */
		9BD2B00820D3E5A400031CB6 /* Main.storyboard */ = {
			isa = PBXVariantGroup;
			children = (
				9BD2B00920D3E5A400031CB6 /* Base */,
			);
			name = Main.storyboard;
			sourceTree = "<group>";
		};
		9BD2B00D20D3E5A500031CB6 /* LaunchScreen.storyboard */ = {
			isa = PBXVariantGroup;
			children = (
				9BD2B00E20D3E5A500031CB6 /* Base */,
			);
			name = LaunchScreen.storyboard;
			sourceTree = "<group>";
		};
		9BD2B01820D3E5A500031CB6 /* Interface.storyboard */ = {
			isa = PBXVariantGroup;
			children = (
				9BD2B01920D3E5A500031CB6 /* Base */,
			);
			name = Interface.storyboard;
			sourceTree = "<group>";
		};
/* End PBXVariantGroup section */

/* Begin XCBuildConfiguration section */
		9BD2B03120D3E5A700031CB6 /* Debug */ = {
			isa = XCBuildConfiguration;
			buildSettings = {
				ALWAYS_SEARCH_USER_PATHS = NO;
				CLANG_ANALYZER_NONNULL = YES;
				CLANG_ANALYZER_NUMBER_OBJECT_CONVERSION = YES_AGGRESSIVE;
				CLANG_CXX_LANGUAGE_STANDARD = "gnu++14";
				CLANG_CXX_LIBRARY = "libc++";
				CLANG_ENABLE_MODULES = YES;
				CLANG_ENABLE_OBJC_ARC = YES;
				CLANG_ENABLE_OBJC_WEAK = YES;
				CLANG_WARN_BLOCK_CAPTURE_AUTORELEASING = YES;
				CLANG_WARN_BOOL_CONVERSION = YES;
				CLANG_WARN_COMMA = YES;
				CLANG_WARN_CONSTANT_CONVERSION = YES;
				CLANG_WARN_DEPRECATED_OBJC_IMPLEMENTATIONS = YES;
				CLANG_WARN_DIRECT_OBJC_ISA_USAGE = YES_ERROR;
				CLANG_WARN_DOCUMENTATION_COMMENTS = YES;
				CLANG_WARN_EMPTY_BODY = YES;
				CLANG_WARN_ENUM_CONVERSION = YES;
				CLANG_WARN_INFINITE_RECURSION = YES;
				CLANG_WARN_INT_CONVERSION = YES;
				CLANG_WARN_NON_LITERAL_NULL_CONVERSION = YES;
				CLANG_WARN_OBJC_IMPLICIT_RETAIN_SELF = YES;
				CLANG_WARN_OBJC_LITERAL_CONVERSION = YES;
				CLANG_WARN_OBJC_ROOT_CLASS = YES_ERROR;
				CLANG_WARN_RANGE_LOOP_ANALYSIS = YES;
				CLANG_WARN_STRICT_PROTOTYPES = YES;
				CLANG_WARN_SUSPICIOUS_MOVE = YES;
				CLANG_WARN_UNGUARDED_AVAILABILITY = YES_AGGRESSIVE;
				CLANG_WARN_UNREACHABLE_CODE = YES;
				CLANG_WARN__DUPLICATE_METHOD_MATCH = YES;
				CODE_SIGN_IDENTITY = "iPhone Developer";
				COPY_PHASE_STRIP = NO;
				DEBUG_INFORMATION_FORMAT = dwarf;
				ENABLE_STRICT_OBJC_MSGSEND = YES;
				ENABLE_TESTABILITY = YES;
				GCC_C_LANGUAGE_STANDARD = gnu11;
				GCC_DYNAMIC_NO_PIC = NO;
				GCC_NO_COMMON_BLOCKS = YES;
				GCC_OPTIMIZATION_LEVEL = 0;
				GCC_PREPROCESSOR_DEFINITIONS = (
					"DEBUG=1",
					"$(inherited)",
				);
				GCC_WARN_64_TO_32_BIT_CONVERSION = YES;
				GCC_WARN_ABOUT_RETURN_TYPE = YES_ERROR;
				GCC_WARN_UNDECLARED_SELECTOR = YES;
				GCC_WARN_UNINITIALIZED_AUTOS = YES_AGGRESSIVE;
				GCC_WARN_UNUSED_FUNCTION = YES;
				GCC_WARN_UNUSED_VARIABLE = YES;
				IPHONEOS_DEPLOYMENT_TARGET = 11.3;
				MTL_ENABLE_DEBUG_INFO = YES;
				ONLY_ACTIVE_ARCH = YES;
				SDKROOT = iphoneos;
				STRIP_BITCODE_FROM_COPIED_FILES = NO;
				SWIFT_ACTIVE_COMPILATION_CONDITIONS = DEBUG;
				SWIFT_OPTIMIZATION_LEVEL = "-Onone";
			};
			name = Debug;
		};
		9BD2B03220D3E5A700031CB6 /* Release */ = {
			isa = XCBuildConfiguration;
			buildSettings = {
				ALWAYS_SEARCH_USER_PATHS = NO;
				CLANG_ANALYZER_NONNULL = YES;
				CLANG_ANALYZER_NUMBER_OBJECT_CONVERSION = YES_AGGRESSIVE;
				CLANG_CXX_LANGUAGE_STANDARD = "gnu++14";
				CLANG_CXX_LIBRARY = "libc++";
				CLANG_ENABLE_MODULES = YES;
				CLANG_ENABLE_OBJC_ARC = YES;
				CLANG_ENABLE_OBJC_WEAK = YES;
				CLANG_WARN_BLOCK_CAPTURE_AUTORELEASING = YES;
				CLANG_WARN_BOOL_CONVERSION = YES;
				CLANG_WARN_COMMA = YES;
				CLANG_WARN_CONSTANT_CONVERSION = YES;
				CLANG_WARN_DEPRECATED_OBJC_IMPLEMENTATIONS = YES;
				CLANG_WARN_DIRECT_OBJC_ISA_USAGE = YES_ERROR;
				CLANG_WARN_DOCUMENTATION_COMMENTS = YES;
				CLANG_WARN_EMPTY_BODY = YES;
				CLANG_WARN_ENUM_CONVERSION = YES;
				CLANG_WARN_INFINITE_RECURSION = YES;
				CLANG_WARN_INT_CONVERSION = YES;
				CLANG_WARN_NON_LITERAL_NULL_CONVERSION = YES;
				CLANG_WARN_OBJC_IMPLICIT_RETAIN_SELF = YES;
				CLANG_WARN_OBJC_LITERAL_CONVERSION = YES;
				CLANG_WARN_OBJC_ROOT_CLASS = YES_ERROR;
				CLANG_WARN_RANGE_LOOP_ANALYSIS = YES;
				CLANG_WARN_STRICT_PROTOTYPES = YES;
				CLANG_WARN_SUSPICIOUS_MOVE = YES;
				CLANG_WARN_UNGUARDED_AVAILABILITY = YES_AGGRESSIVE;
				CLANG_WARN_UNREACHABLE_CODE = YES;
				CLANG_WARN__DUPLICATE_METHOD_MATCH = YES;
				CODE_SIGN_IDENTITY = "iPhone Developer";
				COPY_PHASE_STRIP = NO;
				DEBUG_INFORMATION_FORMAT = "dwarf-with-dsym";
				ENABLE_NS_ASSERTIONS = NO;
				ENABLE_STRICT_OBJC_MSGSEND = YES;
				GCC_C_LANGUAGE_STANDARD = gnu11;
				GCC_NO_COMMON_BLOCKS = YES;
				GCC_WARN_64_TO_32_BIT_CONVERSION = YES;
				GCC_WARN_ABOUT_RETURN_TYPE = YES_ERROR;
				GCC_WARN_UNDECLARED_SELECTOR = YES;
				GCC_WARN_UNINITIALIZED_AUTOS = YES_AGGRESSIVE;
				GCC_WARN_UNUSED_FUNCTION = YES;
				GCC_WARN_UNUSED_VARIABLE = YES;
				IPHONEOS_DEPLOYMENT_TARGET = 11.3;
				MTL_ENABLE_DEBUG_INFO = NO;
				SDKROOT = iphoneos;
				STRIP_BITCODE_FROM_COPIED_FILES = NO;
				SWIFT_COMPILATION_MODE = wholemodule;
				SWIFT_OPTIMIZATION_LEVEL = "-O";
				VALIDATE_PRODUCT = YES;
			};
			name = Release;
		};
		9BD2B03420D3E5A700031CB6 /* Debug */ = {
			isa = XCBuildConfiguration;
			buildSettings = {
				ASSETCATALOG_COMPILER_COMPLICATION_NAME = Complication;
				CODE_SIGN_STYLE = Automatic;
				DEVELOPMENT_TEAM = 2ECVV26Q6C;
				INFOPLIST_FILE = "Metronome WatchKit Extension/Info.plist";
				LD_RUNPATH_SEARCH_PATHS = (
					"$(inherited)",
					"@executable_path/Frameworks",
					"@executable_path/../../Frameworks",
				);
				PRODUCT_BUNDLE_IDENTIFIER = bepid.campinas.Metronome.watchkitapp.watchkitextension;
				PRODUCT_NAME = "${TARGET_NAME}";
				SDKROOT = watchos;
				SKIP_INSTALL = YES;
				SWIFT_VERSION = 4.0;
				TARGETED_DEVICE_FAMILY = 4;
				WATCHOS_DEPLOYMENT_TARGET = 4.3;
			};
			name = Debug;
		};
		9BD2B03520D3E5A700031CB6 /* Release */ = {
			isa = XCBuildConfiguration;
			buildSettings = {
				ASSETCATALOG_COMPILER_COMPLICATION_NAME = Complication;
				CODE_SIGN_STYLE = Automatic;
				DEVELOPMENT_TEAM = 2ECVV26Q6C;
				INFOPLIST_FILE = "Metronome WatchKit Extension/Info.plist";
				LD_RUNPATH_SEARCH_PATHS = (
					"$(inherited)",
					"@executable_path/Frameworks",
					"@executable_path/../../Frameworks",
				);
				PRODUCT_BUNDLE_IDENTIFIER = bepid.campinas.Metronome.watchkitapp.watchkitextension;
				PRODUCT_NAME = "${TARGET_NAME}";
				SDKROOT = watchos;
				SKIP_INSTALL = YES;
				SWIFT_VERSION = 4.0;
				TARGETED_DEVICE_FAMILY = 4;
				WATCHOS_DEPLOYMENT_TARGET = 4.3;
			};
			name = Release;
		};
		9BD2B03820D3E5A700031CB6 /* Debug */ = {
			isa = XCBuildConfiguration;
			buildSettings = {
				ALWAYS_EMBED_SWIFT_STANDARD_LIBRARIES = YES;
				ASSETCATALOG_COMPILER_APPICON_NAME = AppIcon;
				CODE_SIGN_STYLE = Automatic;
				DEVELOPMENT_TEAM = 2ECVV26Q6C;
				IBSC_MODULE = Metronome_WatchKit_Extension;
				INFOPLIST_FILE = "Metronome WatchKit App/Info.plist";
				PRODUCT_BUNDLE_IDENTIFIER = bepid.campinas.Metronome.watchkitapp;
				PRODUCT_NAME = "$(TARGET_NAME)";
				SDKROOT = watchos;
				SKIP_INSTALL = YES;
				SWIFT_VERSION = 4.0;
				TARGETED_DEVICE_FAMILY = 4;
				WATCHOS_DEPLOYMENT_TARGET = 4.3;
			};
			name = Debug;
		};
		9BD2B03920D3E5A700031CB6 /* Release */ = {
			isa = XCBuildConfiguration;
			buildSettings = {
				ALWAYS_EMBED_SWIFT_STANDARD_LIBRARIES = YES;
				ASSETCATALOG_COMPILER_APPICON_NAME = AppIcon;
				CODE_SIGN_STYLE = Automatic;
				DEVELOPMENT_TEAM = 2ECVV26Q6C;
				IBSC_MODULE = Metronome_WatchKit_Extension;
				INFOPLIST_FILE = "Metronome WatchKit App/Info.plist";
				PRODUCT_BUNDLE_IDENTIFIER = bepid.campinas.Metronome.watchkitapp;
				PRODUCT_NAME = "$(TARGET_NAME)";
				SDKROOT = watchos;
				SKIP_INSTALL = YES;
				SWIFT_VERSION = 4.0;
				TARGETED_DEVICE_FAMILY = 4;
				WATCHOS_DEPLOYMENT_TARGET = 4.3;
			};
			name = Release;
		};
		9BD2B03C20D3E5A700031CB6 /* Debug */ = {
			isa = XCBuildConfiguration;
			buildSettings = {
				ASSETCATALOG_COMPILER_APPICON_NAME = AppIcon;
				CODE_SIGN_STYLE = Automatic;
				DEVELOPMENT_TEAM = 2ECVV26Q6C;
				INFOPLIST_FILE = Metronome/Info.plist;
				LD_RUNPATH_SEARCH_PATHS = (
					"$(inherited)",
					"@executable_path/Frameworks",
				);
				PRODUCT_BUNDLE_IDENTIFIER = bepid.campinas.Metronome;
				PRODUCT_NAME = "$(TARGET_NAME)";
				SWIFT_VERSION = 4.0;
				TARGETED_DEVICE_FAMILY = "1,2";
			};
			name = Debug;
		};
		9BD2B03D20D3E5A700031CB6 /* Release */ = {
			isa = XCBuildConfiguration;
			buildSettings = {
				ASSETCATALOG_COMPILER_APPICON_NAME = AppIcon;
				CODE_SIGN_STYLE = Automatic;
				DEVELOPMENT_TEAM = 2ECVV26Q6C;
				INFOPLIST_FILE = Metronome/Info.plist;
				LD_RUNPATH_SEARCH_PATHS = (
					"$(inherited)",
					"@executable_path/Frameworks",
				);
				PRODUCT_BUNDLE_IDENTIFIER = bepid.campinas.Metronome;
				PRODUCT_NAME = "$(TARGET_NAME)";
				SWIFT_VERSION = 4.0;
				TARGETED_DEVICE_FAMILY = "1,2";
			};
			name = Release;
		};
/* End XCBuildConfiguration section */

/* Begin XCConfigurationList section */
		9BD2AFFC20D3E5A400031CB6 /* Build configuration list for PBXProject "Metronome" */ = {
			isa = XCConfigurationList;
			buildConfigurations = (
				9BD2B03120D3E5A700031CB6 /* Debug */,
				9BD2B03220D3E5A700031CB6 /* Release */,
			);
			defaultConfigurationIsVisible = 0;
			defaultConfigurationName = Release;
		};
		9BD2B03320D3E5A700031CB6 /* Build configuration list for PBXNativeTarget "Metronome WatchKit Extension" */ = {
			isa = XCConfigurationList;
			buildConfigurations = (
				9BD2B03420D3E5A700031CB6 /* Debug */,
				9BD2B03520D3E5A700031CB6 /* Release */,
			);
			defaultConfigurationIsVisible = 0;
			defaultConfigurationName = Release;
		};
		9BD2B03720D3E5A700031CB6 /* Build configuration list for PBXNativeTarget "Metronome WatchKit App" */ = {
			isa = XCConfigurationList;
			buildConfigurations = (
				9BD2B03820D3E5A700031CB6 /* Debug */,
				9BD2B03920D3E5A700031CB6 /* Release */,
			);
			defaultConfigurationIsVisible = 0;
			defaultConfigurationName = Release;
		};
		9BD2B03B20D3E5A700031CB6 /* Build configuration list for PBXNativeTarget "Metronome" */ = {
			isa = XCConfigurationList;
			buildConfigurations = (
				9BD2B03C20D3E5A700031CB6 /* Debug */,
				9BD2B03D20D3E5A700031CB6 /* Release */,
			);
			defaultConfigurationIsVisible = 0;
			defaultConfigurationName = Release;
		};
/* End XCConfigurationList section */
	};
	rootObject = 9BD2AFF920D3E5A400031CB6 /* Project object */;
}
